
Microsoft Visual Studio Solution File, Format Version 12.00
# Visual Studio Version 16
VisualStudioVersion = 16.0.30320.27
MinimumVisualStudioVersion = 10.0.40219.1
Project("{888888A0-9F3D-457C-B088-3A5042F75D52}") = "joo1", "joo1\joo1.pyproj", "{97F1DA44-5346-4A6F-ADDC-16FBCBDBD8FB}"
EndProject
Global
	GlobalSection(SolutionConfigurationPlatforms) = preSolution
		Debug|Any CPU = Debug|Any CPU
		Release|Any CPU = Release|Any CPU
	EndGlobalSection
	GlobalSection(ProjectConfigurationPlatforms) = postSolution
		{97F1DA44-5346-4A6F-ADDC-16FBCBDBD8FB}.Debug|Any CPU.ActiveCfg = Debug|Any CPU
		{97F1DA44-5346-4A6F-ADDC-16FBCBDBD8FB}.Release|Any CPU.ActiveCfg = Release|Any CPU
	EndGlobalSection
	GlobalSection(SolutionProperties) = preSolution
		HideSolutionNode = FALSE
	EndGlobalSection
	GlobalSection(ExtensibilityGlobals) = postSolution
		SolutionGuid = {7BCD3EB2-586C-4F3E-A32D-62136A6E5124}
	EndGlobalSection
EndGlobal
